// !$*UTF8*$!
{
	archiveVersion = 1;
	classes = {
	};
	objectVersion = 50;
	objects = {

/* Begin PBXBuildFile section */
		A58C6B172083EEC00056528B /* AppDelegate.swift in Sources */ = {isa = PBXBuildFile; fileRef = A58C6B162083EEC00056528B /* AppDelegate.swift */; };
		A58C6B192083EEC00056528B /* ViewController.swift in Sources */ = {isa = PBXBuildFile; fileRef = A58C6B182083EEC00056528B /* ViewController.swift */; };
		A58C6B1C2083EEC00056528B /* Main.storyboard in Resources */ = {isa = PBXBuildFile; fileRef = A58C6B1A2083EEC00056528B /* Main.storyboard */; };
		A58C6B1E2083EEC30056528B /* Assets.xcassets in Resources */ = {isa = PBXBuildFile; fileRef = A58C6B1D2083EEC30056528B /* Assets.xcassets */; };
		A58C6B212083EEC30056528B /* LaunchScreen.storyboard in Resources */ = {isa = PBXBuildFile; fileRef = A58C6B1F2083EEC30056528B /* LaunchScreen.storyboard */; };
		A58C6B292083F5690056528B /* InitialViewController.swift in Sources */ = {isa = PBXBuildFile; fileRef = A58C6B282083F5690056528B /* InitialViewController.swift */; };
		A58C6B2B2083F5800056528B /* LoginMenuViewController.swift in Sources */ = {isa = PBXBuildFile; fileRef = A58C6B2A2083F5800056528B /* LoginMenuViewController.swift */; };
		A58C6B2D2083F5900056528B /* LoginViewController.swift in Sources */ = {isa = PBXBuildFile; fileRef = A58C6B2C2083F5900056528B /* LoginViewController.swift */; };
		A58C6B2F2083F59C0056528B /* SignUpViewController.swift in Sources */ = {isa = PBXBuildFile; fileRef = A58C6B2E2083F59C0056528B /* SignUpViewController.swift */; };
		A58C6B312083F5FB0056528B /* HomeScreenViewController.swift in Sources */ = {isa = PBXBuildFile; fileRef = A58C6B302083F5FB0056528B /* HomeScreenViewController.swift */; };
		A58C6B33208419E10056528B /* GoogleService-Info.plist in Resources */ = {isa = PBXBuildFile; fileRef = A58C6B32208419E10056528B /* GoogleService-Info.plist */; };
		A58C6B3520841E5D0056528B /* RoundedWhiteButton.swift in Sources */ = {isa = PBXBuildFile; fileRef = A58C6B3420841E5D0056528B /* RoundedWhiteButton.swift */; };
		C2A8D1FCE13EC15C4DAF14C6 /* Pods_Retro_Radio_Collector.framework in Frameworks */ = {isa = PBXBuildFile; fileRef = BE79EC929360E7D8C687EE37 /* Pods_Retro_Radio_Collector.framework */; };
/* End PBXBuildFile section */

/* Begin PBXFileReference section */
		3F7BEDE0ACC0450AC9AA157B /* Pods-Retro Radio Collector.debug.xcconfig */ = {isa = PBXFileReference; includeInIndex = 1; lastKnownFileType = text.xcconfig; name = "Pods-Retro Radio Collector.debug.xcconfig"; path = "Pods/Target Support Files/Pods-Retro Radio Collector/Pods-Retro Radio Collector.debug.xcconfig"; sourceTree = "<group>"; };
		73AB0D7D3EEAEB0F7107D5B4 /* Pods-Retro Radio Collector.release.xcconfig */ = {isa = PBXFileReference; includeInIndex = 1; lastKnownFileType = text.xcconfig; name = "Pods-Retro Radio Collector.release.xcconfig"; path = "Pods/Target Support Files/Pods-Retro Radio Collector/Pods-Retro Radio Collector.release.xcconfig"; sourceTree = "<group>"; };
		A58C6B132083EEBF0056528B /* Retro Radio Collector.app */ = {isa = PBXFileReference; explicitFileType = wrapper.application; includeInIndex = 0; path = "Retro Radio Collector.app"; sourceTree = BUILT_PRODUCTS_DIR; };
		A58C6B162083EEC00056528B /* AppDelegate.swift */ = {isa = PBXFileReference; lastKnownFileType = sourcecode.swift; path = AppDelegate.swift; sourceTree = "<group>"; };
		A58C6B182083EEC00056528B /* ViewController.swift */ = {isa = PBXFileReference; lastKnownFileType = sourcecode.swift; path = ViewController.swift; sourceTree = "<group>"; };
		A58C6B1B2083EEC00056528B /* Base */ = {isa = PBXFileReference; lastKnownFileType = file.storyboard; name = Base; path = Base.lproj/Main.storyboard; sourceTree = "<group>"; };
		A58C6B1D2083EEC30056528B /* Assets.xcassets */ = {isa = PBXFileReference; lastKnownFileType = folder.assetcatalog; path = Assets.xcassets; sourceTree = "<group>"; };
		A58C6B202083EEC30056528B /* Base */ = {isa = PBXFileReference; lastKnownFileType = file.storyboard; name = Base; path = Base.lproj/LaunchScreen.storyboard; sourceTree = "<group>"; };
		A58C6B222083EEC30056528B /* Info.plist */ = {isa = PBXFileReference; lastKnownFileType = text.plist.xml; path = Info.plist; sourceTree = "<group>"; };
		A58C6B282083F5690056528B /* InitialViewController.swift */ = {isa = PBXFileReference; lastKnownFileType = sourcecode.swift; path = InitialViewController.swift; sourceTree = "<group>"; };
		A58C6B2A2083F5800056528B /* LoginMenuViewController.swift */ = {isa = PBXFileReference; lastKnownFileType = sourcecode.swift; path = LoginMenuViewController.swift; sourceTree = "<group>"; };
		A58C6B2C2083F5900056528B /* LoginViewController.swift */ = {isa = PBXFileReference; lastKnownFileType = sourcecode.swift; path = LoginViewController.swift; sourceTree = "<group>"; };
		A58C6B2E2083F59C0056528B /* SignUpViewController.swift */ = {isa = PBXFileReference; lastKnownFileType = sourcecode.swift; path = SignUpViewController.swift; sourceTree = "<group>"; };
		A58C6B302083F5FB0056528B /* HomeScreenViewController.swift */ = {isa = PBXFileReference; lastKnownFileType = sourcecode.swift; path = HomeScreenViewController.swift; sourceTree = "<group>"; };
		A58C6B32208419E10056528B /* GoogleService-Info.plist */ = {isa = PBXFileReference; fileEncoding = 4; lastKnownFileType = text.plist.xml; path = "GoogleService-Info.plist"; sourceTree = "<group>"; };
		A58C6B3420841E5D0056528B /* RoundedWhiteButton.swift */ = {isa = PBXFileReference; lastKnownFileType = sourcecode.swift; path = RoundedWhiteButton.swift; sourceTree = "<group>"; };
		BE79EC929360E7D8C687EE37 /* Pods_Retro_Radio_Collector.framework */ = {isa = PBXFileReference; explicitFileType = wrapper.framework; includeInIndex = 0; path = Pods_Retro_Radio_Collector.framework; sourceTree = BUILT_PRODUCTS_DIR; };
/* End PBXFileReference section */

/* Begin PBXFrameworksBuildPhase section */
		A58C6B102083EEBF0056528B /* Frameworks */ = {
			isa = PBXFrameworksBuildPhase;
			buildActionMask = 2147483647;
			files = (
				C2A8D1FCE13EC15C4DAF14C6 /* Pods_Retro_Radio_Collector.framework in Frameworks */,
			);
			runOnlyForDeploymentPostprocessing = 0;
		};
/* End PBXFrameworksBuildPhase section */

/* Begin PBXGroup section */
		6AAE0ACE5CA85DBCA5632856 /* Frameworks */ = {
			isa = PBXGroup;
			children = (
				BE79EC929360E7D8C687EE37 /* Pods_Retro_Radio_Collector.framework */,
			);
			name = Frameworks;
			sourceTree = "<group>";
		};
		A58C6B0A2083EEBF0056528B = {
			isa = PBXGroup;
			children = (
				A58C6B152083EEBF0056528B /* Retro Radio Collector */,
				A58C6B142083EEBF0056528B /* Products */,
				D0DF8083EC866ED76A930DD3 /* Pods */,
				6AAE0ACE5CA85DBCA5632856 /* Frameworks */,
			);
			sourceTree = "<group>";
		};
		A58C6B142083EEBF0056528B /* Products */ = {
			isa = PBXGroup;
			children = (
				A58C6B132083EEBF0056528B /* Retro Radio Collector.app */,
			);
			name = Products;
			sourceTree = "<group>";
		};
		A58C6B152083EEBF0056528B /* Retro Radio Collector */ = {
			isa = PBXGroup;
			children = (
				A58C6B162083EEC00056528B /* AppDelegate.swift */,
				A58C6B182083EEC00056528B /* ViewController.swift */,
				A58C6B302083F5FB0056528B /* HomeScreenViewController.swift */,
				A58C6B282083F5690056528B /* InitialViewController.swift */,
				A58C6B2A2083F5800056528B /* LoginMenuViewController.swift */,
				A58C6B2C2083F5900056528B /* LoginViewController.swift */,
				A58C6B3420841E5D0056528B /* RoundedWhiteButton.swift */,
				A58C6B2E2083F59C0056528B /* SignUpViewController.swift */,
				A58C6B1A2083EEC00056528B /* Main.storyboard */,
				A58C6B1D2083EEC30056528B /* Assets.xcassets */,
				A58C6B1F2083EEC30056528B /* LaunchScreen.storyboard */,
				A58C6B222083EEC30056528B /* Info.plist */,
				A58C6B32208419E10056528B /* GoogleService-Info.plist */,
			);
			path = "Retro Radio Collector";
			sourceTree = "<group>";
		};
		D0DF8083EC866ED76A930DD3 /* Pods */ = {
			isa = PBXGroup;
			children = (
				3F7BEDE0ACC0450AC9AA157B /* Pods-Retro Radio Collector.debug.xcconfig */,
				73AB0D7D3EEAEB0F7107D5B4 /* Pods-Retro Radio Collector.release.xcconfig */,
			);
			name = Pods;
			sourceTree = "<group>";
		};
/* End PBXGroup section */

/* Begin PBXNativeTarget section */
		A58C6B122083EEBF0056528B /* Retro Radio Collector */ = {
			isa = PBXNativeTarget;
			buildConfigurationList = A58C6B252083EEC30056528B /* Build configuration list for PBXNativeTarget "Retro Radio Collector" */;
			buildPhases = (
				2C9D486272E554044B9E6C4E /* [CP] Check Pods Manifest.lock */,
				A58C6B0F2083EEBF0056528B /* Sources */,
				A58C6B102083EEBF0056528B /* Frameworks */,
				A58C6B112083EEBF0056528B /* Resources */,
				A4343D0E6F4803E5514491F6 /* [CP] Embed Pods Frameworks */,
			);
			buildRules = (
			);
			dependencies = (
			);
			name = "Retro Radio Collector";
			productName = "Retro Radio Collector";
			productReference = A58C6B132083EEBF0056528B /* Retro Radio Collector.app */;
			productType = "com.apple.product-type.application";
		};
/* End PBXNativeTarget section */

/* Begin PBXProject section */
		A58C6B0B2083EEBF0056528B /* Project object */ = {
			isa = PBXProject;
			attributes = {
				LastSwiftUpdateCheck = 0930;
				LastUpgradeCheck = 0930;
				ORGANIZATIONNAME = "Christopher Conner";
				TargetAttributes = {
					A58C6B122083EEBF0056528B = {
						CreatedOnToolsVersion = 9.3;
					};
				};
			};
			buildConfigurationList = A58C6B0E2083EEBF0056528B /* Build configuration list for PBXProject "Retro Radio Collector" */;
			compatibilityVersion = "Xcode 9.3";
			developmentRegion = en;
			hasScannedForEncodings = 0;
			knownRegions = (
				en,
				Base,
			);
			mainGroup = A58C6B0A2083EEBF0056528B;
			productRefGroup = A58C6B142083EEBF0056528B /* Products */;
			projectDirPath = "";
			projectRoot = "";
			targets = (
				A58C6B122083EEBF0056528B /* Retro Radio Collector */,
			);
		};
/* End PBXProject section */

/* Begin PBXResourcesBuildPhase section */
		A58C6B112083EEBF0056528B /* Resources */ = {
			isa = PBXResourcesBuildPhase;
			buildActionMask = 2147483647;
			files = (
				A58C6B212083EEC30056528B /* LaunchScreen.storyboard in Resources */,
				A58C6B33208419E10056528B /* GoogleService-Info.plist in Resources */,
				A58C6B1E2083EEC30056528B /* Assets.xcassets in Resources */,
				A58C6B1C2083EEC00056528B /* Main.storyboard in Resources */,
			);
			runOnlyForDeploymentPostprocessing = 0;
		};
/* End PBXResourcesBuildPhase section */

/* Begin PBXShellScriptBuildPhase section */
		2C9D486272E554044B9E6C4E /* [CP] Check Pods Manifest.lock */ = {
			isa = PBXShellScriptBuildPhase;
			buildActionMask = 2147483647;
			files = (
			);
			inputPaths = (
				"${PODS_PODFILE_DIR_PATH}/Podfile.lock",
				"${PODS_ROOT}/Manifest.lock",
			);
			name = "[CP] Check Pods Manifest.lock";
			outputPaths = (
				"$(DERIVED_FILE_DIR)/Pods-Retro Radio Collector-checkManifestLockResult.txt",
			);
			runOnlyForDeploymentPostprocessing = 0;
			shellPath = /bin/sh;
			shellScript = "diff \"${PODS_PODFILE_DIR_PATH}/Podfile.lock\" \"${PODS_ROOT}/Manifest.lock\" > /dev/null\nif [ $? != 0 ] ; then\n    # print error to STDERR\n    echo \"error: The sandbox is not in sync with the Podfile.lock. Run 'pod install' or update your CocoaPods installation.\" >&2\n    exit 1\nfi\n# This output is used by Xcode 'outputs' to avoid re-running this script phase.\necho \"SUCCESS\" > \"${SCRIPT_OUTPUT_FILE_0}\"\n";
			showEnvVarsInLog = 0;
		};
		A4343D0E6F4803E5514491F6 /* [CP] Embed Pods Frameworks */ = {
			isa = PBXShellScriptBuildPhase;
			buildActionMask = 2147483647;
			files = (
			);
			inputPaths = (
				"${SRCROOT}/Pods/Target Support Files/Pods-Retro Radio Collector/Pods-Retro Radio Collector-frameworks.sh",
				"${BUILT_PRODUCTS_DIR}/GoogleToolboxForMac/GoogleToolboxForMac.framework",
				"${BUILT_PRODUCTS_DIR}/nanopb/nanopb.framework",
			);
			name = "[CP] Embed Pods Frameworks";
			outputPaths = (
				"${TARGET_BUILD_DIR}/${FRAMEWORKS_FOLDER_PATH}/GoogleToolboxForMac.framework",
				"${TARGET_BUILD_DIR}/${FRAMEWORKS_FOLDER_PATH}/nanopb.framework",
			);
			runOnlyForDeploymentPostprocessing = 0;
			shellPath = /bin/sh;
			shellScript = "\"${SRCROOT}/Pods/Target Support Files/Pods-Retro Radio Collector/Pods-Retro Radio Collector-frameworks.sh\"\n";
			showEnvVarsInLog = 0;
		};
/* End PBXShellScriptBuildPhase section */

/* Begin PBXSourcesBuildPhase section */
		A58C6B0F2083EEBF0056528B /* Sources */ = {
			isa = PBXSourcesBuildPhase;
			buildActionMask = 2147483647;
			files = (
				A58C6B2F2083F59C0056528B /* SignUpViewController.swift in Sources */,
				A58C6B3520841E5D0056528B /* RoundedWhiteButton.swift in Sources */,
				A58C6B292083F5690056528B /* InitialViewController.swift in Sources */,
				A58C6B2B2083F5800056528B /* LoginMenuViewController.swift in Sources */,
				A58C6B192083EEC00056528B /* ViewController.swift in Sources */,
				A58C6B2D2083F5900056528B /* LoginViewController.swift in Sources */,
				A58C6B172083EEC00056528B /* AppDelegate.swift in Sources */,
				A58C6B312083F5FB0056528B /* HomeScreenViewController.swift in Sources */,
			);
			runOnlyForDeploymentPostprocessing = 0;
		};
/* End PBXSourcesBuildPhase section */

/* Begin PBXVariantGroup section */
		A58C6B1A2083EEC00056528B /* Main.storyboard */ = {
			isa = PBXVariantGroup;
			children = (
				A58C6B1B2083EEC00056528B /* Base */,
			);
			name = Main.storyboard;
			sourceTree = "<group>";
		};
		A58C6B1F2083EEC30056528B /* LaunchScreen.storyboard */ = {
			isa = PBXVariantGroup;
			children = (
				A58C6B202083EEC30056528B /* Base */,
			);
			name = LaunchScreen.storyboard;
			sourceTree = "<group>";
		};
/* End PBXVariantGroup section */

/* Begin XCBuildConfiguration section */
		A58C6B232083EEC30056528B /* Debug */ = {
			isa = XCBuildConfiguration;
			buildSettings = {
				ALWAYS_SEARCH_USER_PATHS = NO;
				CLANG_ANALYZER_NONNULL = YES;
				CLANG_ANALYZER_NUMBER_OBJECT_CONVERSION = YES_AGGRESSIVE;
				CLANG_CXX_LANGUAGE_STANDARD = "gnu++14";
				CLANG_CXX_LIBRARY = "libc++";
				CLANG_ENABLE_MODULES = YES;
				CLANG_ENABLE_OBJC_ARC = YES;
				CLANG_ENABLE_OBJC_WEAK = YES;
				CLANG_WARN_BLOCK_CAPTURE_AUTORELEASING = YES;
				CLANG_WARN_BOOL_CONVERSION = YES;
				CLANG_WARN_COMMA = YES;
				CLANG_WARN_CONSTANT_CONVERSION = YES;
				CLANG_WARN_DEPRECATED_OBJC_IMPLEMENTATIONS = YES;
				CLANG_WARN_DIRECT_OBJC_ISA_USAGE = YES_ERROR;
				CLANG_WARN_DOCUMENTATION_COMMENTS = YES;
				CLANG_WARN_EMPTY_BODY = YES;
				CLANG_WARN_ENUM_CONVERSION = YES;
				CLANG_WARN_INFINITE_RECURSION = YES;
				CLANG_WARN_INT_CONVERSION = YES;
				CLANG_WARN_NON_LITERAL_NULL_CONVERSION = YES;
				CLANG_WARN_OBJC_IMPLICIT_RETAIN_SELF = YES;
				CLANG_WARN_OBJC_LITERAL_CONVERSION = YES;
				CLANG_WARN_OBJC_ROOT_CLASS = YES_ERROR;
				CLANG_WARN_RANGE_LOOP_ANALYSIS = YES;
				CLANG_WARN_STRICT_PROTOTYPES = YES;
				CLANG_WARN_SUSPICIOUS_MOVE = YES;
				CLANG_WARN_UNGUARDED_AVAILABILITY = YES_AGGRESSIVE;
				CLANG_WARN_UNREACHABLE_CODE = YES;
				CLANG_WARN__DUPLICATE_METHOD_MATCH = YES;
				CODE_SIGN_IDENTITY = "iPhone Developer";
				COPY_PHASE_STRIP = NO;
				DEBUG_INFORMATION_FORMAT = dwarf;
				ENABLE_STRICT_OBJC_MSGSEND = YES;
				ENABLE_TESTABILITY = YES;
				GCC_C_LANGUAGE_STANDARD = gnu11;
				GCC_DYNAMIC_NO_PIC = NO;
				GCC_NO_COMMON_BLOCKS = YES;
				GCC_OPTIMIZATION_LEVEL = 0;
				GCC_PREPROCESSOR_DEFINITIONS = (
					"DEBUG=1",
					"$(inherited)",
				);
				GCC_WARN_64_TO_32_BIT_CONVERSION = YES;
				GCC_WARN_ABOUT_RETURN_TYPE = YES_ERROR;
				GCC_WARN_UNDECLARED_SELECTOR = YES;
				GCC_WARN_UNINITIALIZED_AUTOS = YES_AGGRESSIVE;
				GCC_WARN_UNUSED_FUNCTION = YES;
				GCC_WARN_UNUSED_VARIABLE = YES;
				IPHONEOS_DEPLOYMENT_TARGET = 11.3;
				MTL_ENABLE_DEBUG_INFO = YES;
				ONLY_ACTIVE_ARCH = YES;
				SDKROOT = iphoneos;
				SWIFT_ACTIVE_COMPILATION_CONDITIONS = DEBUG;
				SWIFT_OPTIMIZATION_LEVEL = "-Onone";
			};
			name = Debug;
		};
		A58C6B242083EEC30056528B /* Release */ = {
			isa = XCBuildConfiguration;
			buildSettings = {
				ALWAYS_SEARCH_USER_PATHS = NO;
				CLANG_ANALYZER_NONNULL = YES;
				CLANG_ANALYZER_NUMBER_OBJECT_CONVERSION = YES_AGGRESSIVE;
				CLANG_CXX_LANGUAGE_STANDARD = "gnu++14";
				CLANG_CXX_LIBRARY = "libc++";
				CLANG_ENABLE_MODULES = YES;
				CLANG_ENABLE_OBJC_ARC = YES;
				CLANG_ENABLE_OBJC_WEAK = YES;
				CLANG_WARN_BLOCK_CAPTURE_AUTORELEASING = YES;
				CLANG_WARN_BOOL_CONVERSION = YES;
				CLANG_WARN_COMMA = YES;
				CLANG_WARN_CONSTANT_CONVERSION = YES;
				CLANG_WARN_DEPRECATED_OBJC_IMPLEMENTATIONS = YES;
				CLANG_WARN_DIRECT_OBJC_ISA_USAGE = YES_ERROR;
				CLANG_WARN_DOCUMENTATION_COMMENTS = YES;
				CLANG_WARN_EMPTY_BODY = YES;
				CLANG_WARN_ENUM_CONVERSION = YES;
				CLANG_WARN_INFINITE_RECURSION = YES;
				CLANG_WARN_INT_CONVERSION = YES;
				CLANG_WARN_NON_LITERAL_NULL_CONVERSION = YES;
				CLANG_WARN_OBJC_IMPLICIT_RETAIN_SELF = YES;
				CLANG_WARN_OBJC_LITERAL_CONVERSION = YES;
				CLANG_WARN_OBJC_ROOT_CLASS = YES_ERROR;
				CLANG_WARN_RANGE_LOOP_ANALYSIS = YES;
				CLANG_WARN_STRICT_PROTOTYPES = YES;
				CLANG_WARN_SUSPICIOUS_MOVE = YES;
				CLANG_WARN_UNGUARDED_AVAILABILITY = YES_AGGRESSIVE;
				CLANG_WARN_UNREACHABLE_CODE = YES;
				CLANG_WARN__DUPLICATE_METHOD_MATCH = YES;
				CODE_SIGN_IDENTITY = "iPhone Developer";
				COPY_PHASE_STRIP = NO;
				DEBUG_INFORMATION_FORMAT = "dwarf-with-dsym";
				ENABLE_NS_ASSERTIONS = NO;
				ENABLE_STRICT_OBJC_MSGSEND = YES;
				GCC_C_LANGUAGE_STANDARD = gnu11;
				GCC_NO_COMMON_BLOCKS = YES;
				GCC_WARN_64_TO_32_BIT_CONVERSION = YES;
				GCC_WARN_ABOUT_RETURN_TYPE = YES_ERROR;
				GCC_WARN_UNDECLARED_SELECTOR = YES;
				GCC_WARN_UNINITIALIZED_AUTOS = YES_AGGRESSIVE;
				GCC_WARN_UNUSED_FUNCTION = YES;
				GCC_WARN_UNUSED_VARIABLE = YES;
				IPHONEOS_DEPLOYMENT_TARGET = 11.3;
				MTL_ENABLE_DEBUG_INFO = NO;
				SDKROOT = iphoneos;
				SWIFT_COMPILATION_MODE = wholemodule;
				SWIFT_OPTIMIZATION_LEVEL = "-O";
				VALIDATE_PRODUCT = YES;
			};
			name = Release;
		};
		A58C6B262083EEC30056528B /* Debug */ = {
			isa = XCBuildConfiguration;
			baseConfigurationReference = 3F7BEDE0ACC0450AC9AA157B /* Pods-Retro Radio Collector.debug.xcconfig */;
			buildSettings = {
				ASSETCATALOG_COMPILER_APPICON_NAME = AppIcon;
				CODE_SIGN_STYLE = Automatic;
				DEVELOPMENT_TEAM = BJT8QVT53Y;
				INFOPLIST_FILE = "Retro Radio Collector/Info.plist";
				LD_RUNPATH_SEARCH_PATHS = (
					"$(inherited)",
					"@executable_path/Frameworks",
				);
				PRODUCT_BUNDLE_IDENTIFIER = "co.chrisconner.Retro-Radio-Collector";
				PRODUCT_NAME = "$(TARGET_NAME)";
				SWIFT_VERSION = 4.0;
				TARGETED_DEVICE_FAMILY = "1,2";
			};
			name = Debug;
		};
		A58C6B272083EEC30056528B /* Release */ = {
			isa = XCBuildConfiguration;
			baseConfigurationReference = 73AB0D7D3EEAEB0F7107D5B4 /* Pods-Retro Radio Collector.release.xcconfig */;
			buildSettings = {
				ASSETCATALOG_COMPILER_APPICON_NAME = AppIcon;
				CODE_SIGN_STYLE = Automatic;
				DEVELOPMENT_TEAM = BJT8QVT53Y;
				INFOPLIST_FILE = "Retro Radio Collector/Info.plist";
				LD_RUNPATH_SEARCH_PATHS = (
					"$(inherited)",
					"@executable_path/Frameworks",
				);
				PRODUCT_BUNDLE_IDENTIFIER = "co.chrisconner.Retro-Radio-Collector";
				PRODUCT_NAME = "$(TARGET_NAME)";
				SWIFT_VERSION = 4.0;
				TARGETED_DEVICE_FAMILY = "1,2";
			};
			name = Release;
		};
/* End XCBuildConfiguration section */

/* Begin XCConfigurationList section */
		A58C6B0E2083EEBF0056528B /* Build configuration list for PBXProject "Retro Radio Collector" */ = {
			isa = XCConfigurationList;
			buildConfigurations = (
				A58C6B232083EEC30056528B /* Debug */,
				A58C6B242083EEC30056528B /* Release */,
			);
			defaultConfigurationIsVisible = 0;
			defaultConfigurationName = Release;
		};
		A58C6B252083EEC30056528B /* Build configuration list for PBXNativeTarget "Retro Radio Collector" */ = {
			isa = XCConfigurationList;
			buildConfigurations = (
				A58C6B262083EEC30056528B /* Debug */,
				A58C6B272083EEC30056528B /* Release */,
			);
			defaultConfigurationIsVisible = 0;
			defaultConfigurationName = Release;
		};
/* End XCConfigurationList section */
	};
	rootObject = A58C6B0B2083EEBF0056528B /* Project object */;
}
